
Microsoft Visual Studio Solution File, Format Version 12.00
# Visual Studio 15
VisualStudioVersion = 15.0.28307.902
MinimumVisualStudioVersion = 10.0.40219.1
Project("{FAE04EC0-301F-11D3-BF4B-00C04F79EFBC}") = "Improved Health", "Improved Health\Improved Health.csproj", "{C56FBE0C-9C2D-40C0-864C-9B4B95045D34}"
EndProject
Global
	GlobalSection(SolutionConfigurationPlatforms) = preSolution
		Debug|Any CPU = Debug|Any CPU
		Release|Any CPU = Release|Any CPU
	EndGlobalSection
	GlobalSection(ProjectConfigurationPlatforms) = postSolution
		{C56FBE0C-9C2D-40C0-864C-9B4B95045D34}.Debug|Any CPU.ActiveCfg = Debug|Any CPU
		{C56FBE0C-9C2D-40C0-864C-9B4B95045D34}.Debug|Any CPU.Build.0 = Debug|Any CPU
		{C56FBE0C-9C2D-40C0-864C-9B4B95045D34}.Release|Any CPU.ActiveCfg = Release|Any CPU
		{C56FBE0C-9C2D-40C0-864C-9B4B95045D34}.Release|Any CPU.Build.0 = Release|Any CPU
	EndGlobalSection
	GlobalSection(SolutionProperties) = preSolution
		HideSolutionNode = FALSE
	EndGlobalSection
	GlobalSection(ExtensibilityGlobals) = postSolution
		SolutionGuid = {85F4E46B-5668-4806-963A-FECE7054E79A}
	EndGlobalSection
EndGlobal
